
Microsoft Visual Studio Solution File, Format Version 12.00
# Visual Studio 15
VisualStudioVersion = 15.0.26124.0
MinimumVisualStudioVersion = 15.0.26124.0
Project("{2150E333-8FDC-42A3-9474-1A3956D46DE8}") = "src", "src", "{2F71AF70-D069-470B-999F-21858C799E0C}"
EndProject
Project("{FAE04EC0-301F-11D3-BF4B-00C04F79EFBC}") = "KingnetSmartlife.DDD.CleanArchitecture.Abstructions", "src\KingnetSmartlife.DDD.CleanArchitecture.Abstractions\KingnetSmartlife.DDD.CleanArchitecture.Abstructions.csproj", "{95146A4F-D2C1-4797-8BCD-8C2E234CA3BE}"
EndProject
Project("{FAE04EC0-301F-11D3-BF4B-00C04F79EFBC}") = "Project.Application", "src\Project.Application\Project.Application.csproj", "{939EEDC1-4526-46FE-BFAC-FBCEC0CDEE78}"
EndProject
Project("{FAE04EC0-301F-11D3-BF4B-00C04F79EFBC}") = "Project.Domain", "src\Project.Domain\Project.Domain.csproj", "{FAA36BCA-4CA2-4456-875E-91EEF8AFC199}"
EndProject
Project("{FAE04EC0-301F-11D3-BF4B-00C04F79EFBC}") = "Project.Infrastructure", "src\Project.Infrastructure\Project.Infrastructure.csproj", "{6C064E52-614D-4964-B9E5-12F540E76460}"
EndProject
Project("{FAE04EC0-301F-11D3-BF4B-00C04F79EFBC}") = "Project.WebApi", "src\Project.WebApi\Project.WebApi.csproj", "{0A4D2FB9-4136-4336-873A-536DB52C0133}"
EndProject
Project("{2150E333-8FDC-42A3-9474-1A3956D46DE8}") = "test", "test", "{00EB2071-B2DD-428F-835C-08FB14D2A700}"
EndProject
Project("{FAE04EC0-301F-11D3-BF4B-00C04F79EFBC}") = "Project.UseCase.Test", "test\Project.UseCase.Test\Project.UseCase.Test.csproj", "{A717EED0-8EEC-4CD5-B7C6-0CCAE59E9E24}"
EndProject
Global
	GlobalSection(SolutionConfigurationPlatforms) = preSolution
		Debug|Any CPU = Debug|Any CPU
		Debug|x64 = Debug|x64
		Debug|x86 = Debug|x86
		Release|Any CPU = Release|Any CPU
		Release|x64 = Release|x64
		Release|x86 = Release|x86
	EndGlobalSection
	GlobalSection(SolutionProperties) = preSolution
		HideSolutionNode = FALSE
	EndGlobalSection
	GlobalSection(ProjectConfigurationPlatforms) = postSolution
		{95146A4F-D2C1-4797-8BCD-8C2E234CA3BE}.Debug|Any CPU.ActiveCfg = Debug|Any CPU
		{95146A4F-D2C1-4797-8BCD-8C2E234CA3BE}.Debug|Any CPU.Build.0 = Debug|Any CPU
		{95146A4F-D2C1-4797-8BCD-8C2E234CA3BE}.Debug|x64.ActiveCfg = Debug|Any CPU
		{95146A4F-D2C1-4797-8BCD-8C2E234CA3BE}.Debug|x64.Build.0 = Debug|Any CPU
		{95146A4F-D2C1-4797-8BCD-8C2E234CA3BE}.Debug|x86.ActiveCfg = Debug|Any CPU
		{95146A4F-D2C1-4797-8BCD-8C2E234CA3BE}.Debug|x86.Build.0 = Debug|Any CPU
		{95146A4F-D2C1-4797-8BCD-8C2E234CA3BE}.Release|Any CPU.ActiveCfg = Release|Any CPU
		{95146A4F-D2C1-4797-8BCD-8C2E234CA3BE}.Release|Any CPU.Build.0 = Release|Any CPU
		{95146A4F-D2C1-4797-8BCD-8C2E234CA3BE}.Release|x64.ActiveCfg = Release|Any CPU
		{95146A4F-D2C1-4797-8BCD-8C2E234CA3BE}.Release|x64.Build.0 = Release|Any CPU
		{95146A4F-D2C1-4797-8BCD-8C2E234CA3BE}.Release|x86.ActiveCfg = Release|Any CPU
		{95146A4F-D2C1-4797-8BCD-8C2E234CA3BE}.Release|x86.Build.0 = Release|Any CPU
		{939EEDC1-4526-46FE-BFAC-FBCEC0CDEE78}.Debug|Any CPU.ActiveCfg = Debug|Any CPU
		{939EEDC1-4526-46FE-BFAC-FBCEC0CDEE78}.Debug|Any CPU.Build.0 = Debug|Any CPU
		{939EEDC1-4526-46FE-BFAC-FBCEC0CDEE78}.Debug|x64.ActiveCfg = Debug|Any CPU
		{939EEDC1-4526-46FE-BFAC-FBCEC0CDEE78}.Debug|x64.Build.0 = Debug|Any CPU
		{939EEDC1-4526-46FE-BFAC-FBCEC0CDEE78}.Debug|x86.ActiveCfg = Debug|Any CPU
		{939EEDC1-4526-46FE-BFAC-FBCEC0CDEE78}.Debug|x86.Build.0 = Debug|Any CPU
		{939EEDC1-4526-46FE-BFAC-FBCEC0CDEE78}.Release|Any CPU.ActiveCfg = Release|Any CPU
		{939EEDC1-4526-46FE-BFAC-FBCEC0CDEE78}.Release|Any CPU.Build.0 = Release|Any CPU
		{939EEDC1-4526-46FE-BFAC-FBCEC0CDEE78}.Release|x64.ActiveCfg = Release|Any CPU
		{939EEDC1-4526-46FE-BFAC-FBCEC0CDEE78}.Release|x64.Build.0 = Release|Any CPU
		{939EEDC1-4526-46FE-BFAC-FBCEC0CDEE78}.Release|x86.ActiveCfg = Release|Any CPU
		{939EEDC1-4526-46FE-BFAC-FBCEC0CDEE78}.Release|x86.Build.0 = Release|Any CPU
		{FAA36BCA-4CA2-4456-875E-91EEF8AFC199}.Debug|Any CPU.ActiveCfg = Debug|Any CPU
		{FAA36BCA-4CA2-4456-875E-91EEF8AFC199}.Debug|Any CPU.Build.0 = Debug|Any CPU
		{FAA36BCA-4CA2-4456-875E-91EEF8AFC199}.Debug|x64.ActiveCfg = Debug|Any CPU
		{FAA36BCA-4CA2-4456-875E-91EEF8AFC199}.Debug|x64.Build.0 = Debug|Any CPU
		{FAA36BCA-4CA2-4456-875E-91EEF8AFC199}.Debug|x86.ActiveCfg = Debug|Any CPU
		{FAA36BCA-4CA2-4456-875E-91EEF8AFC199}.Debug|x86.Build.0 = Debug|Any CPU
		{FAA36BCA-4CA2-4456-875E-91EEF8AFC199}.Release|Any CPU.ActiveCfg = Release|Any CPU
		{FAA36BCA-4CA2-4456-875E-91EEF8AFC199}.Release|Any CPU.Build.0 = Release|Any CPU
		{FAA36BCA-4CA2-4456-875E-91EEF8AFC199}.Release|x64.ActiveCfg = Release|Any CPU
		{FAA36BCA-4CA2-4456-875E-91EEF8AFC199}.Release|x64.Build.0 = Release|Any CPU
		{FAA36BCA-4CA2-4456-875E-91EEF8AFC199}.Release|x86.ActiveCfg = Release|Any CPU
		{FAA36BCA-4CA2-4456-875E-91EEF8AFC199}.Release|x86.Build.0 = Release|Any CPU
		{6C064E52-614D-4964-B9E5-12F540E76460}.Debug|Any CPU.ActiveCfg = Debug|Any CPU
		{6C064E52-614D-4964-B9E5-12F540E76460}.Debug|Any CPU.Build.0 = Debug|Any CPU
		{6C064E52-614D-4964-B9E5-12F540E76460}.Debug|x64.ActiveCfg = Debug|Any CPU
		{6C064E52-614D-4964-B9E5-12F540E76460}.Debug|x64.Build.0 = Debug|Any CPU
		{6C064E52-614D-4964-B9E5-12F540E76460}.Debug|x86.ActiveCfg = Debug|Any CPU
		{6C064E52-614D-4964-B9E5-12F540E76460}.Debug|x86.Build.0 = Debug|Any CPU
		{6C064E52-614D-4964-B9E5-12F540E76460}.Release|Any CPU.ActiveCfg = Release|Any CPU
		{6C064E52-614D-4964-B9E5-12F540E76460}.Release|Any CPU.Build.0 = Release|Any CPU
		{6C064E52-614D-4964-B9E5-12F540E76460}.Release|x64.ActiveCfg = Release|Any CPU
		{6C064E52-614D-4964-B9E5-12F540E76460}.Release|x64.Build.0 = Release|Any CPU
		{6C064E52-614D-4964-B9E5-12F540E76460}.Release|x86.ActiveCfg = Release|Any CPU
		{6C064E52-614D-4964-B9E5-12F540E76460}.Release|x86.Build.0 = Release|Any CPU
		{0A4D2FB9-4136-4336-873A-536DB52C0133}.Debug|Any CPU.ActiveCfg = Debug|Any CPU
		{0A4D2FB9-4136-4336-873A-536DB52C0133}.Debug|Any CPU.Build.0 = Debug|Any CPU
		{0A4D2FB9-4136-4336-873A-536DB52C0133}.Debug|x64.ActiveCfg = Debug|Any CPU
		{0A4D2FB9-4136-4336-873A-536DB52C0133}.Debug|x64.Build.0 = Debug|Any CPU
		{0A4D2FB9-4136-4336-873A-536DB52C0133}.Debug|x86.ActiveCfg = Debug|Any CPU
		{0A4D2FB9-4136-4336-873A-536DB52C0133}.Debug|x86.Build.0 = Debug|Any CPU
		{0A4D2FB9-4136-4336-873A-536DB52C0133}.Release|Any CPU.ActiveCfg = Release|Any CPU
		{0A4D2FB9-4136-4336-873A-536DB52C0133}.Release|Any CPU.Build.0 = Release|Any CPU
		{0A4D2FB9-4136-4336-873A-536DB52C0133}.Release|x64.ActiveCfg = Release|Any CPU
		{0A4D2FB9-4136-4336-873A-536DB52C0133}.Release|x64.Build.0 = Release|Any CPU
		{0A4D2FB9-4136-4336-873A-536DB52C0133}.Release|x86.ActiveCfg = Release|Any CPU
		{0A4D2FB9-4136-4336-873A-536DB52C0133}.Release|x86.Build.0 = Release|Any CPU
		{A717EED0-8EEC-4CD5-B7C6-0CCAE59E9E24}.Debug|Any CPU.ActiveCfg = Debug|Any CPU
		{A717EED0-8EEC-4CD5-B7C6-0CCAE59E9E24}.Debug|Any CPU.Build.0 = Debug|Any CPU
		{A717EED0-8EEC-4CD5-B7C6-0CCAE59E9E24}.Debug|x64.ActiveCfg = Debug|Any CPU
		{A717EED0-8EEC-4CD5-B7C6-0CCAE59E9E24}.Debug|x64.Build.0 = Debug|Any CPU
		{A717EED0-8EEC-4CD5-B7C6-0CCAE59E9E24}.Debug|x86.ActiveCfg = Debug|Any CPU
		{A717EED0-8EEC-4CD5-B7C6-0CCAE59E9E24}.Debug|x86.Build.0 = Debug|Any CPU
		{A717EED0-8EEC-4CD5-B7C6-0CCAE59E9E24}.Release|Any CPU.ActiveCfg = Release|Any CPU
		{A717EED0-8EEC-4CD5-B7C6-0CCAE59E9E24}.Release|Any CPU.Build.0 = Release|Any CPU
		{A717EED0-8EEC-4CD5-B7C6-0CCAE59E9E24}.Release|x64.ActiveCfg = Release|Any CPU
		{A717EED0-8EEC-4CD5-B7C6-0CCAE59E9E24}.Release|x64.Build.0 = Release|Any CPU
		{A717EED0-8EEC-4CD5-B7C6-0CCAE59E9E24}.Release|x86.ActiveCfg = Release|Any CPU
		{A717EED0-8EEC-4CD5-B7C6-0CCAE59E9E24}.Release|x86.Build.0 = Release|Any CPU
	EndGlobalSection
	GlobalSection(NestedProjects) = preSolution
		{95146A4F-D2C1-4797-8BCD-8C2E234CA3BE} = {2F71AF70-D069-470B-999F-21858C799E0C}
		{939EEDC1-4526-46FE-BFAC-FBCEC0CDEE78} = {2F71AF70-D069-470B-999F-21858C799E0C}
		{FAA36BCA-4CA2-4456-875E-91EEF8AFC199} = {2F71AF70-D069-470B-999F-21858C799E0C}
		{6C064E52-614D-4964-B9E5-12F540E76460} = {2F71AF70-D069-470B-999F-21858C799E0C}
		{0A4D2FB9-4136-4336-873A-536DB52C0133} = {2F71AF70-D069-470B-999F-21858C799E0C}
		{A717EED0-8EEC-4CD5-B7C6-0CCAE59E9E24} = {00EB2071-B2DD-428F-835C-08FB14D2A700}
	EndGlobalSection
EndGlobal
